
Microsoft Visual Studio Solution File, Format Version 12.00
# Visual Studio Version 16
VisualStudioVersion = 16.0.32602.291
MinimumVisualStudioVersion = 10.0.40219.1
Project("{FAE04EC0-301F-11D3-BF4B-00C04F79EFBC}") = "testMVC", "testMVC\testMVC.csproj", "{AF3A9359-50E6-44AA-9424-1342375778CA}"
EndProject
Global
	GlobalSection(SolutionConfigurationPlatforms) = preSolution
		Debug|Any CPU = Debug|Any CPU
		Release|Any CPU = Release|Any CPU
	EndGlobalSection
	GlobalSection(ProjectConfigurationPlatforms) = postSolution
		{AF3A9359-50E6-44AA-9424-1342375778CA}.Debug|Any CPU.ActiveCfg = Debug|Any CPU
		{AF3A9359-50E6-44AA-9424-1342375778CA}.Debug|Any CPU.Build.0 = Debug|Any CPU
		{AF3A9359-50E6-44AA-9424-1342375778CA}.Release|Any CPU.ActiveCfg = Release|Any CPU
		{AF3A9359-50E6-44AA-9424-1342375778CA}.Release|Any CPU.Build.0 = Release|Any CPU
	EndGlobalSection
	GlobalSection(SolutionProperties) = preSolution
		HideSolutionNode = FALSE
	EndGlobalSection
	GlobalSection(ExtensibilityGlobals) = postSolution
		SolutionGuid = {87BB53A6-7165-432E-8AD1-F3F35BCFDA3B}
	EndGlobalSection
EndGlobal
